GIT
  remote: https://git.imirhil.fr/aeris/sidekiq-workflow.git
  revision: 9600075c17e83f2013f0b7d6e35698bea6b0ee40
  branch: master
  specs:
    sidekiq-workflow (0.0.0)
      colorize (~> 0.8)
      redis (~> 4.3)
      redlock (~> 1.2)
      sidekiq
      terminal-table (~> 3.0)

PATH
  remote: ../engine
  specs:
    cryptcheck (2.0.0)
      amazing_print
      colorize
      httparty
      nokogiri
      parallel
      ruby-progressbar
      thor

GEM
  remote: https://rubygems.org/
  specs:
    amazing_print (1.2.1)
    colorize (0.8.1)
    connection_pool (2.2.5)
    dotenv (2.7.6)
    httparty (0.20.0)
      mime-types (~> 3.0)
      multi_xml (>= 0.5.2)
    mime-types (3.4.1)
      mime-types-data (~> 3.2015)
    mime-types-data (3.2022.0105)
    mini_portile2 (2.4.0)
    multi_xml (0.6.0)
    nokogiri (1.10.10)
      mini_portile2 (~> 2.4.0)
    parallel (1.19.2)
    rack (2.0.9)
    rack-protection (2.2.0)
      rack
    redis (4.4.0)
    redlock (1.2.2)
      redis (>= 3.0.0, < 5.0)
    ruby-progressbar (1.11.0)
    sidekiq (5.2.8)
      connection_pool (~> 2.2, >= 2.2.2)
      rack (< 2.1.0)
      rack-protection (>= 1.5.0)
      redis (>= 3.3.5, < 5)
    simpleidn (0.2.1)
      unf (~> 0.1.4)
    terminal-table (3.0.2)
      unicode-display_width (>= 1.1.1, < 3)
    thor (1.2.1)
    unf (0.1.4)
      unf_ext
    unf_ext (0.0.8.1)
    unicode-display_width (2.1.0)

PLATFORMS
  x86_64-linux

DEPENDENCIES
  amazing_print
  cryptcheck (~> 2.0.0)!
  dotenv
  sidekiq
  sidekiq-workflow!
  simpleidn

BUNDLED WITH
   2.3.10
